<?xml version="1.0" encoding="utf-8"?>
<Project ToolsVersion="4.0" xmlns="http://schemas.microsoft.com/developer/msbuild/2003">
  <ItemGroup>
    <ClCompile Include="Game.cpp" />
    <ClCompile Include="main.cpp" />
    <ClCompile Include="GamePCH.cpp" />
    <ClCompile Include="BulletComponent.cpp">
      <Filter>Components</Filter>
    </ClCompile>
    <ClCompile Include="LevelComponent.cpp">
      <Filter>Components</Filter>
    </ClCompile>
    <ClCompile Include="ScoreComponent.cpp">
      <Filter>Components</Filter>
    </ClCompile>
    <ClCompile Include="MovementComponent.cpp">
      <Filter>Components</Filter>
    </ClCompile>
    <ClCompile Include="PlayerTankComponent.cpp">
      <Filter>Components\TankComponents</Filter>
    </ClCompile>
    <ClCompile Include="EnemyTankComponent.cpp">
      <Filter>Components\TankComponents</Filter>
    </ClCompile>
    <ClCompile Include="TurretComponent.cpp">
      <Filter>Components\TankComponents</Filter>
    </ClCompile>
    <ClCompile Include="BulletManagerComponent.cpp">
      <Filter>Components</Filter>
    </ClCompile>
    <ClCompile Include="LivesComponent.cpp">
      <Filter>Components</Filter>
    </ClCompile>
  </ItemGroup>
  <ItemGroup>
    <ClInclude Include="Game.h" />
    <ClInclude Include="GamePCH.h" />
    <ClInclude Include="BulletComponent.h">
      <Filter>Components</Filter>
    </ClInclude>
    <ClInclude Include="LevelComponent.h">
      <Filter>Components</Filter>
    </ClInclude>
    <ClInclude Include="ScoreComponent.h">
      <Filter>Components</Filter>
    </ClInclude>
    <ClInclude Include="EventEnum.h" />
    <ClInclude Include="MovementComponent.h">
      <Filter>Components</Filter>
    </ClInclude>
    <ClInclude Include="PlayerTankComponent.h">
      <Filter>Components\TankComponents</Filter>
    </ClInclude>
    <ClInclude Include="EnemyTankComponent.h">
      <Filter>Components\TankComponents</Filter>
    </ClInclude>
    <ClInclude Include="TurretComponent.h">
      <Filter>Components\TankComponents</Filter>
    </ClInclude>
    <ClInclude Include="BulletManagerComponent.h">
      <Filter>Components</Filter>
    </ClInclude>
    <ClInclude Include="LivesComponent.h">
      <Filter>Components</Filter>
    </ClInclude>
  </ItemGroup>
  <ItemGroup>
    <Filter Include="Components">
      <UniqueIdentifier>{adba131b-8432-4850-8f4d-e54c689ed0aa}</UniqueIdentifier>
    </Filter>
    <Filter Include="Components\TankComponents">
      <UniqueIdentifier>{075d9f65-8439-4e8f-8a13-f99791169556}</UniqueIdentifier>
    </Filter>
  </ItemGroup>
</Project>