
Microsoft Visual Studio Solution File, Format Version 12.00
# Visual Studio Version 17
VisualStudioVersion = 17.0.32014.148
MinimumVisualStudioVersion = 10.0.40219.1
Project("{8BC9CEB8-8B4A-11D0-8D11-00A0C91BC942}") = "Tribe", "Tribe\Tribe.vcxproj", "{D8333D98-4805-400D-9F44-663ADD2E372C}"
EndProject
Global
	GlobalSection(SolutionConfigurationPlatforms) = preSolution
		Debug|x64 = Debug|x64
		Debug|x86 = Debug|x86
		Release|x64 = Release|x64
		Release|x86 = Release|x86
	EndGlobalSection
	GlobalSection(ProjectConfigurationPlatforms) = postSolution
		{D8333D98-4805-400D-9F44-663ADD2E372C}.Debug|x64.ActiveCfg = Debug|x64
		{D8333D98-4805-400D-9F44-663ADD2E372C}.Debug|x64.Build.0 = Debug|x64
		{D8333D98-4805-400D-9F44-663ADD2E372C}.Debug|x86.ActiveCfg = Debug|Win32
		{D8333D98-4805-400D-9F44-663ADD2E372C}.Debug|x86.Build.0 = Debug|Win32
		{D8333D98-4805-400D-9F44-663ADD2E372C}.Release|x64.ActiveCfg = Release|x64
		{D8333D98-4805-400D-9F44-663ADD2E372C}.Release|x64.Build.0 = Release|x64
		{D8333D98-4805-400D-9F44-663ADD2E372C}.Release|x86.ActiveCfg = Release|Win32
		{D8333D98-4805-400D-9F44-663ADD2E372C}.Release|x86.Build.0 = Release|Win32
	EndGlobalSection
	GlobalSection(SolutionProperties) = preSolution
		HideSolutionNode = FALSE
	EndGlobalSection
	GlobalSection(ExtensibilityGlobals) = postSolution
		SolutionGuid = {FCA3D266-104D-47C1-B98F-5F03EBB5DB1C}
	EndGlobalSection
EndGlobal
