<?xml version="1.0" encoding="utf-8"?>
<Project ToolsVersion="4.0" xmlns="http://schemas.microsoft.com/developer/msbuild/2003">
  <ItemGroup>
    <ClInclude Include="TribePCH.h">
      <Filter>Core</Filter>
    </ClInclude>
    <ClInclude Include="Tribe.h">
      <Filter>Core</Filter>
    </ClInclude>
    <ClInclude Include="GameTime.h">
      <Filter>Managers</Filter>
    </ClInclude>
    <ClInclude Include="Singleton.h">
      <Filter>Managers</Filter>
    </ClInclude>
    <ClInclude Include="Command.h">
      <Filter>Helpers</Filter>
    </ClInclude>
    <ClInclude Include="Structs.h">
      <Filter>Helpers</Filter>
    </ClInclude>
    <ClInclude Include="InputManager.h">
      <Filter>Managers</Filter>
    </ClInclude>
    <ClInclude Include="RenderManager.h">
      <Filter>Managers</Filter>
    </ClInclude>
    <ClInclude Include="SceneManager.h">
      <Filter>Managers</Filter>
    </ClInclude>
    <ClInclude Include="Scene.h">
      <Filter>Content</Filter>
    </ClInclude>
    <ClInclude Include="GameObject.h">
      <Filter>Content</Filter>
    </ClInclude>
    <ClInclude Include="Component.h">
      <Filter>Content\Components</Filter>
    </ClInclude>
    <ClInclude Include="RenderComponent.h">
      <Filter>Content\Components</Filter>
    </ClInclude>
    <ClInclude Include="TransformComponent.h">
      <Filter>Content\Components</Filter>
    </ClInclude>
    <ClInclude Include="ObjectBase.h">
      <Filter>Content</Filter>
    </ClInclude>
    <ClInclude Include="Texture2D.h">
      <Filter>Helpers</Filter>
    </ClInclude>
    <ClInclude Include="Font.h">
      <Filter>Helpers</Filter>
    </ClInclude>
    <ClInclude Include="ResourceManager.h">
      <Filter>Managers</Filter>
    </ClInclude>
    <ClInclude Include="FpsComponent.h">
      <Filter>Content\Components</Filter>
    </ClInclude>
    <ClInclude Include="TextComponent.h">
      <Filter>Content\Components</Filter>
    </ClInclude>
    <ClInclude Include="PrinterComponent.h">
      <Filter>Content\Components</Filter>
    </ClInclude>
    <ClInclude Include="ServiceLocator.h">
      <Filter>Helpers</Filter>
    </ClInclude>
    <ClInclude Include="SoundManager.h">
      <Filter>Managers</Filter>
    </ClInclude>
    <ClInclude Include="SpriteAnimationComponent.h">
      <Filter>Content\Components</Filter>
    </ClInclude>
  </ItemGroup>
  <ItemGroup>
    <ClCompile Include="Tribe.cpp">
      <Filter>Core</Filter>
    </ClCompile>
    <ClCompile Include="TribePCH.cpp">
      <Filter>Core</Filter>
    </ClCompile>
    <ClCompile Include="GameTime.cpp">
      <Filter>Managers</Filter>
    </ClCompile>
    <ClCompile Include="InputManager.cpp">
      <Filter>Managers</Filter>
    </ClCompile>
    <ClCompile Include="RenderManager.cpp">
      <Filter>Managers</Filter>
    </ClCompile>
    <ClCompile Include="SceneManager.cpp">
      <Filter>Managers</Filter>
    </ClCompile>
    <ClCompile Include="Scene.cpp">
      <Filter>Content</Filter>
    </ClCompile>
    <ClCompile Include="GameObject.cpp">
      <Filter>Content</Filter>
    </ClCompile>
    <ClCompile Include="RenderComponent.cpp">
      <Filter>Content\Components</Filter>
    </ClCompile>
    <ClCompile Include="ObjectBase.cpp">
      <Filter>Content</Filter>
    </ClCompile>
    <ClCompile Include="Texture2D.cpp">
      <Filter>Helpers</Filter>
    </ClCompile>
    <ClCompile Include="Font.cpp">
      <Filter>Helpers</Filter>
    </ClCompile>
    <ClCompile Include="ResourceManager.cpp">
      <Filter>Managers</Filter>
    </ClCompile>
    <ClCompile Include="FpsComponent.cpp">
      <Filter>Content\Components</Filter>
    </ClCompile>
    <ClCompile Include="TextComponent.cpp">
      <Filter>Content\Components</Filter>
    </ClCompile>
    <ClCompile Include="PrinterComponent.cpp">
      <Filter>Content\Components</Filter>
    </ClCompile>
    <ClCompile Include="ServiceLocator.cpp">
      <Filter>Helpers</Filter>
    </ClCompile>
    <ClCompile Include="SoundManager.cpp">
      <Filter>Managers</Filter>
    </ClCompile>
    <ClCompile Include="SpriteAnimationComponent.cpp">
      <Filter>Content\Components</Filter>
    </ClCompile>
  </ItemGroup>
  <ItemGroup>
    <Filter Include="Core">
      <UniqueIdentifier>{95bd4179-f71e-4218-a31a-225374749cb3}</UniqueIdentifier>
    </Filter>
    <Filter Include="Managers">
      <UniqueIdentifier>{20d65125-9f89-478d-8f62-8d45c8ba6726}</UniqueIdentifier>
    </Filter>
    <Filter Include="Helpers">
      <UniqueIdentifier>{c1f41c4d-acd4-428c-9cea-40f24b02eb03}</UniqueIdentifier>
    </Filter>
    <Filter Include="Content">
      <UniqueIdentifier>{1d762767-d7d6-43ab-9b55-605a8a96f67a}</UniqueIdentifier>
    </Filter>
    <Filter Include="Content\Components">
      <UniqueIdentifier>{cad9e216-f0d4-4065-b6ce-8ea0afbb60d0}</UniqueIdentifier>
    </Filter>
  </ItemGroup>
</Project>