<?xml version="1.0" encoding="utf-8"?>
<Project ToolsVersion="4.0" xmlns="http://schemas.microsoft.com/developer/msbuild/2003">
  <ItemGroup>
    <Filter Include="Managers">
      <UniqueIdentifier>{451b4471-3214-498d-9762-022aae553310}</UniqueIdentifier>
    </Filter>
    <Filter Include="Scene and Objects">
      <UniqueIdentifier>{4cbe62db-58c1-4ae8-bd32-16b55c1fd24d}</UniqueIdentifier>
    </Filter>
    <Filter Include="Content">
      <UniqueIdentifier>{74456c29-1745-4c9a-a689-19b11970f281}</UniqueIdentifier>
    </Filter>
    <Filter Include="Core">
      <UniqueIdentifier>{b2aa3a5f-68f2-4550-adcd-44670fb3bd89}</UniqueIdentifier>
    </Filter>
    <Filter Include="Components">
      <UniqueIdentifier>{5397b39b-5ef2-4d7d-b803-f9da97a70472}</UniqueIdentifier>
    </Filter>
    <Filter Include="Command">
      <UniqueIdentifier>{b1ad8fba-4b33-41d2-a7ca-b41f2ea59802}</UniqueIdentifier>
    </Filter>
    <Filter Include="Components\LevelComponents">
      <UniqueIdentifier>{1969f6df-ec04-4c45-8607-e39e9d37e305}</UniqueIdentifier>
    </Filter>
    <Filter Include="Components\Core">
      <UniqueIdentifier>{4c23225b-ca97-481c-ae22-028a3cda2efb}</UniqueIdentifier>
    </Filter>
    <Filter Include="Components\Pawn">
      <UniqueIdentifier>{dc52378b-fcdf-4ebe-9843-12641cd1ecdf}</UniqueIdentifier>
    </Filter>
  </ItemGroup>
  <ItemGroup>
    <ClInclude Include="SceneManager.h">
      <Filter>Managers</Filter>
    </ClInclude>
    <ClInclude Include="InputManager.h">
      <Filter>Managers</Filter>
    </ClInclude>
    <ClInclude Include="ResourceManager.h">
      <Filter>Managers</Filter>
    </ClInclude>
    <ClInclude Include="Singleton.h">
      <Filter>Managers</Filter>
    </ClInclude>
    <ClInclude Include="GameObject.h">
      <Filter>Scene and Objects</Filter>
    </ClInclude>
    <ClInclude Include="Font.h">
      <Filter>Content</Filter>
    </ClInclude>
    <ClInclude Include="Scene.h">
      <Filter>Scene and Objects</Filter>
    </ClInclude>
    <ClInclude Include="Texture2D.h">
      <Filter>Content</Filter>
    </ClInclude>
    <ClInclude Include="RenderManager.h">
      <Filter>Managers</Filter>
    </ClInclude>
    <ClInclude Include="TransformComponent.h">
      <Filter>Components</Filter>
    </ClInclude>
    <ClInclude Include="Timer.h">
      <Filter>Managers</Filter>
    </ClInclude>
    <ClInclude Include="RenderComponent.h">
      <Filter>Components</Filter>
    </ClInclude>
    <ClInclude Include="TextComponent.h">
      <Filter>Components</Filter>
    </ClInclude>
    <ClInclude Include="FpsComponent.h">
      <Filter>Components</Filter>
    </ClInclude>
    <ClInclude Include="Tribe.h">
      <Filter>Core</Filter>
    </ClInclude>
    <ClInclude Include="TribePCH.h">
      <Filter>Core</Filter>
    </ClInclude>
    <ClInclude Include="Commands.h">
      <Filter>Command</Filter>
    </ClInclude>
    <ClInclude Include="PrinterComponent.h">
      <Filter>Components</Filter>
    </ClInclude>
    <ClInclude Include="HealthComponent.h">
      <Filter>Components</Filter>
    </ClInclude>
    <ClInclude Include="DeadSignComponent.h">
      <Filter>Components</Filter>
    </ClInclude>
    <ClInclude Include="RemainingLivesComponent.h">
      <Filter>Components</Filter>
    </ClInclude>
    <ClInclude Include="PointsDisplayComponent.h">
      <Filter>Components</Filter>
    </ClInclude>
    <ClInclude Include="TileComponent.h">
      <Filter>Components\LevelComponents</Filter>
    </ClInclude>
    <ClInclude Include="BaseComponent.h">
      <Filter>Components\Core</Filter>
    </ClInclude>
    <ClInclude Include="Components.h">
      <Filter>Components\Core</Filter>
    </ClInclude>
    <ClInclude Include="EnemyComponent.h">
      <Filter>Components\Pawn</Filter>
    </ClInclude>
    <ClInclude Include="PeterPepperComponent.h">
      <Filter>Components\Pawn</Filter>
    </ClInclude>
    <ClInclude Include="BurgerComponent.h">
      <Filter>Components\LevelComponents</Filter>
    </ClInclude>
    <ClInclude Include="LevelComponent.h">
      <Filter>Components\LevelComponents</Filter>
    </ClInclude>
    <ClInclude Include="EventManager.h">
      <Filter>Managers</Filter>
    </ClInclude>
    <ClInclude Include="SoundManager.h" />
    <ClInclude Include="ServiceLocator.h">
      <Filter>Managers</Filter>
    </ClInclude>
  </ItemGroup>
  <ItemGroup>
    <ClCompile Include="ResourceManager.cpp">
      <Filter>Managers</Filter>
    </ClCompile>
    <ClCompile Include="SceneManager.cpp">
      <Filter>Managers</Filter>
    </ClCompile>
    <ClCompile Include="InputManager.cpp">
      <Filter>Managers</Filter>
    </ClCompile>
    <ClCompile Include="RenderManager.cpp">
      <Filter>Managers</Filter>
    </ClCompile>
    <ClCompile Include="Font.cpp">
      <Filter>Content</Filter>
    </ClCompile>
    <ClCompile Include="Texture2D.cpp">
      <Filter>Content</Filter>
    </ClCompile>
    <ClCompile Include="GameObject.cpp">
      <Filter>Scene and Objects</Filter>
    </ClCompile>
    <ClCompile Include="Scene.cpp">
      <Filter>Scene and Objects</Filter>
    </ClCompile>
    <ClCompile Include="Main.cpp">
      <Filter>Core</Filter>
    </ClCompile>
    <ClCompile Include="TransformComponent.cpp">
      <Filter>Components</Filter>
    </ClCompile>
    <ClCompile Include="Timer.cpp">
      <Filter>Managers</Filter>
    </ClCompile>
    <ClCompile Include="RenderComponent.cpp">
      <Filter>Components</Filter>
    </ClCompile>
    <ClCompile Include="TextComponent.cpp">
      <Filter>Components</Filter>
    </ClCompile>
    <ClCompile Include="FpsComponent.cpp">
      <Filter>Components</Filter>
    </ClCompile>
    <ClCompile Include="Tribe.cpp">
      <Filter>Core</Filter>
    </ClCompile>
    <ClCompile Include="TribePCH.cpp">
      <Filter>Core</Filter>
    </ClCompile>
    <ClCompile Include="PrinterComponent.cpp">
      <Filter>Components</Filter>
    </ClCompile>
    <ClCompile Include="HealthComponent.cpp">
      <Filter>Components</Filter>
    </ClCompile>
    <ClCompile Include="DeadSignComponent.cpp">
      <Filter>Components</Filter>
    </ClCompile>
    <ClCompile Include="RemainingLivesComponent.cpp">
      <Filter>Components</Filter>
    </ClCompile>
    <ClCompile Include="PointsDisplayComponent.cpp">
      <Filter>Components</Filter>
    </ClCompile>
    <ClCompile Include="TileComponent.cpp">
      <Filter>Components\LevelComponents</Filter>
    </ClCompile>
    <ClCompile Include="EnemyComponent.cpp">
      <Filter>Components\Pawn</Filter>
    </ClCompile>
    <ClCompile Include="PeterPepperComponent.cpp">
      <Filter>Components\Pawn</Filter>
    </ClCompile>
    <ClCompile Include="BurgerComponent.cpp">
      <Filter>Components\LevelComponents</Filter>
    </ClCompile>
    <ClCompile Include="LevelComponent.cpp">
      <Filter>Components\LevelComponents</Filter>
    </ClCompile>
    <ClCompile Include="EventManager.cpp">
      <Filter>Managers</Filter>
    </ClCompile>
    <ClCompile Include="SoundManager.cpp" />
    <ClCompile Include="ServiceLocator.cpp">
      <Filter>Managers</Filter>
    </ClCompile>
  </ItemGroup>
  <ItemGroup>
    <None Include="imgui.ini" />
  </ItemGroup>
</Project>